# THIS IS AN AUTOGENERATED FILE. DO NOT EDIT THIS FILE DIRECTLY.
# yarn lockfile v1


"1loc@^1.0.2":
  version "1.1.1"
  resolved "https://registry.yarnpkg.com/1loc/-/1loc-1.1.1.tgz#225d8fc4a7174856365162c4ba09fc8a93ebc6f2"
  integrity sha512-Imh9zK+8ngo8LLSzmfBOxY9GhZi2RjAiGB3DD+Ogsvq6eAHFOGsqRCKOdttqgd1kLvvMA9Z+z8i2R+X3fwZ5+A==
  dependencies:
    module-alias "^2.2.2"

module-alias@^2.2.2:
  version "2.2.2"
  resolved "https://registry.yarnpkg.com/module-alias/-/module-alias-2.2.2.tgz#151cdcecc24e25739ff0aa6e51e1c5716974c0e0"
  integrity sha512-A/78XjoX2EmNvppVWEhM2oGk3x4lLxnkEA4jTbaK97QKSDjkIoOsKQlfylt/d3kKKi596Qy3NP5XrXJ6fZIC9Q==
