# THIS IS AN AUTOGENERATED FILE. DO NOT EDIT THIS FILE DIRECTLY.
# yarn lockfile v1


"1loc@^1.1.9":
  version "1.1.9"
  resolved "https://registry.yarnpkg.com/1loc/-/1loc-1.1.9.tgz#70602d505eb8709ed709d286b8c28c1713f27ed9"
  integrity sha512-eut4z5c5lDCLOotdD1TAdzQYVuszzv2ecI1D3AVmlVRUiVnNtMpOdIIlFcOdImG4g9YuCzwPbWuK27myrUdmWQ==
  dependencies:
    module-alias "^2.2.2"

module-alias@^2.2.2:
  version "2.2.2"
  resolved "https://registry.yarnpkg.com/module-alias/-/module-alias-2.2.2.tgz#151cdcecc24e25739ff0aa6e51e1c5716974c0e0"
  integrity sha512-A/78XjoX2EmNvppVWEhM2oGk3x4lLxnkEA4jTbaK97QKSDjkIoOsKQlfylt/d3kKKi596Qy3NP5XrXJ6fZIC9Q==
