# THIS IS AN AUTOGENERATED FILE. DO NOT EDIT THIS FILE DIRECTLY.
# yarn lockfile v1


"1loc@^1.0.1":
  version "1.0.1"
  resolved "https://registry.yarnpkg.com/1loc/-/1loc-1.0.1.tgz#dc6e4c32783f3b2be61bdeaf4797261b3bc3646e"
  integrity sha512-hVsUZyoSUkgCzugs8xpL2lQs+FCXTIUAGKoeV4SmUHgpZJ7WhD/lGO1D/7TcB9GCHHlTs67JfcrgnHID8VSn5g==
